Microsoft Visual Studio Solution File, Format Version 12.00
# Visual Studio Version 17
VisualStudioVersion = 17.5.2.0
MinimumVisualStudioVersion = 10.0.40219.1
Project("{FAE04EC0-301F-11D3-BF4B-00C04F79EFBC}") = "Abstratas_Interfaces", "Abstratas_Interfaces.csproj", "{ACA017AF-88E1-F394-C91E-0E6BFD552A9E}"
EndProject
Global
	GlobalSection(SolutionConfigurationPlatforms) = preSolution
		Debug|Any CPU = Debug|Any CPU
		Release|Any CPU = Release|Any CPU
	EndGlobalSection
	GlobalSection(ProjectConfigurationPlatforms) = postSolution
		{ACA017AF-88E1-F394-C91E-0E6BFD552A9E}.Debug|Any CPU.ActiveCfg = Debug|Any CPU
		{ACA017AF-88E1-F394-C91E-0E6BFD552A9E}.Debug|Any CPU.Build.0 = Debug|Any CPU
		{ACA017AF-88E1-F394-C91E-0E6BFD552A9E}.Release|Any CPU.ActiveCfg = Release|Any CPU
		{ACA017AF-88E1-F394-C91E-0E6BFD552A9E}.Release|Any CPU.Build.0 = Release|Any CPU
	EndGlobalSection
	GlobalSection(SolutionProperties) = preSolution
		HideSolutionNode = FALSE
	EndGlobalSection
	GlobalSection(ExtensibilityGlobals) = postSolution
		SolutionGuid = {D69531BB-8AD6-4B7A-9906-82654B999BB0}
	EndGlobalSection
EndGlobal
