Microsoft Visual Studio Solution File, Format Version 12.00
# Visual Studio Version 17
VisualStudioVersion = 17.5.2.0
MinimumVisualStudioVersion = 10.0.40219.1
Project("{FAE04EC0-301F-11D3-BF4B-00C04F79EFBC}") = "Propriedades_Metodos_Construtores", "Propriedades_Metodos_Construtores.csproj", "{33A6B66A-FB44-F448-0C5C-E003CAAB79EF}"
EndProject
Global
	GlobalSection(SolutionConfigurationPlatforms) = preSolution
		Debug|Any CPU = Debug|Any CPU
		Release|Any CPU = Release|Any CPU
	EndGlobalSection
	GlobalSection(ProjectConfigurationPlatforms) = postSolution
		{33A6B66A-FB44-F448-0C5C-E003CAAB79EF}.Debug|Any CPU.ActiveCfg = Debug|Any CPU
		{33A6B66A-FB44-F448-0C5C-E003CAAB79EF}.Debug|Any CPU.Build.0 = Debug|Any CPU
		{33A6B66A-FB44-F448-0C5C-E003CAAB79EF}.Release|Any CPU.ActiveCfg = Release|Any CPU
		{33A6B66A-FB44-F448-0C5C-E003CAAB79EF}.Release|Any CPU.Build.0 = Release|Any CPU
	EndGlobalSection
	GlobalSection(SolutionProperties) = preSolution
		HideSolutionNode = FALSE
	EndGlobalSection
	GlobalSection(ExtensibilityGlobals) = postSolution
		SolutionGuid = {57D8CE20-DC25-4FA3-AF0E-17288FDD957B}
	EndGlobalSection
EndGlobal
